// !$*UTF8*$!
{
	archiveVersion = 1;
	classes = {
	};
	objectVersion = 50;
	objects = {

/* Begin PBXBuildFile section */
		F9DA47B02165BF3500718111 /* AppDelegate.swift in Sources */ = {isa = PBXBuildFile; fileRef = F9DA47AF2165BF3500718111 /* AppDelegate.swift */; };
		F9DA47B22165BF3500718111 /* InventoryVC.swift in Sources */ = {isa = PBXBuildFile; fileRef = F9DA47B12165BF3500718111 /* InventoryVC.swift */; };
		F9DA47B42165BF3500718111 /* SecondViewController.swift in Sources */ = {isa = PBXBuildFile; fileRef = F9DA47B32165BF3500718111 /* SecondViewController.swift */; };
		F9DA47B72165BF3500718111 /* Main.storyboard in Resources */ = {isa = PBXBuildFile; fileRef = F9DA47B52165BF3500718111 /* Main.storyboard */; };
		F9DA47B92165BF3600718111 /* Assets.xcassets in Resources */ = {isa = PBXBuildFile; fileRef = F9DA47B82165BF3600718111 /* Assets.xcassets */; };
		F9DA47BC2165BF3600718111 /* LaunchScreen.storyboard in Resources */ = {isa = PBXBuildFile; fileRef = F9DA47BA2165BF3600718111 /* LaunchScreen.storyboard */; };
		F9DA47C72165BF3600718111 /* bittersTests.swift in Sources */ = {isa = PBXBuildFile; fileRef = F9DA47C62165BF3600718111 /* bittersTests.swift */; };
		F9DA47D22165BF3600718111 /* bittersUITests.swift in Sources */ = {isa = PBXBuildFile; fileRef = F9DA47D12165BF3600718111 /* bittersUITests.swift */; };
/* End PBXBuildFile section */

/* Begin PBXContainerItemProxy section */
		F9DA47C32165BF3600718111 /* PBXContainerItemProxy */ = {
			isa = PBXContainerItemProxy;
			containerPortal = F9DA47A42165BF3500718111 /* Project object */;
			proxyType = 1;
			remoteGlobalIDString = F9DA47AB2165BF3500718111;
			remoteInfo = bitters;
		};
		F9DA47CE2165BF3600718111 /* PBXContainerItemProxy */ = {
			isa = PBXContainerItemProxy;
			containerPortal = F9DA47A42165BF3500718111 /* Project object */;
			proxyType = 1;
			remoteGlobalIDString = F9DA47AB2165BF3500718111;
			remoteInfo = bitters;
		};
/* End PBXContainerItemProxy section */

/* Begin PBXFileReference section */
		F9DA47AC2165BF3500718111 /* bitters.app */ = {isa = PBXFileReference; explicitFileType = wrapper.application; includeInIndex = 0; path = bitters.app; sourceTree = BUILT_PRODUCTS_DIR; };
		F9DA47AF2165BF3500718111 /* AppDelegate.swift */ = {isa = PBXFileReference; lastKnownFileType = sourcecode.swift; path = AppDelegate.swift; sourceTree = "<group>"; };
		F9DA47B12165BF3500718111 /* InventoryVC.swift */ = {isa = PBXFileReference; lastKnownFileType = sourcecode.swift; path = InventoryVC.swift; sourceTree = "<group>"; };
		F9DA47B32165BF3500718111 /* SecondViewController.swift */ = {isa = PBXFileReference; lastKnownFileType = sourcecode.swift; path = SecondViewController.swift; sourceTree = "<group>"; };
		F9DA47B62165BF3500718111 /* Base */ = {isa = PBXFileReference; lastKnownFileType = file.storyboard; name = Base; path = Base.lproj/Main.storyboard; sourceTree = "<group>"; };
		F9DA47B82165BF3600718111 /* Assets.xcassets */ = {isa = PBXFileReference; lastKnownFileType = folder.assetcatalog; path = Assets.xcassets; sourceTree = "<group>"; };
		F9DA47BB2165BF3600718111 /* Base */ = {isa = PBXFileReference; lastKnownFileType = file.storyboard; name = Base; path = Base.lproj/LaunchScreen.storyboard; sourceTree = "<group>"; };
		F9DA47BD2165BF3600718111 /* Info.plist */ = {isa = PBXFileReference; lastKnownFileType = text.plist.xml; path = Info.plist; sourceTree = "<group>"; };
		F9DA47C22165BF3600718111 /* bittersTests.xctest */ = {isa = PBXFileReference; explicitFileType = wrapper.cfbundle; includeInIndex = 0; path = bittersTests.xctest; sourceTree = BUILT_PRODUCTS_DIR; };
		F9DA47C62165BF3600718111 /* bittersTests.swift */ = {isa = PBXFileReference; lastKnownFileType = sourcecode.swift; path = bittersTests.swift; sourceTree = "<group>"; };
		F9DA47C82165BF3600718111 /* Info.plist */ = {isa = PBXFileReference; lastKnownFileType = text.plist.xml; path = Info.plist; sourceTree = "<group>"; };
		F9DA47CD2165BF3600718111 /* bittersUITests.xctest */ = {isa = PBXFileReference; explicitFileType = wrapper.cfbundle; includeInIndex = 0; path = bittersUITests.xctest; sourceTree = BUILT_PRODUCTS_DIR; };
		F9DA47D12165BF3600718111 /* bittersUITests.swift */ = {isa = PBXFileReference; lastKnownFileType = sourcecode.swift; path = bittersUITests.swift; sourceTree = "<group>"; };
		F9DA47D32165BF3600718111 /* Info.plist */ = {isa = PBXFileReference; lastKnownFileType = text.plist.xml; path = Info.plist; sourceTree = "<group>"; };
/* End PBXFileReference section */

/* Begin PBXFrameworksBuildPhase section */
		F9DA47A92165BF3500718111 /* Frameworks */ = {
			isa = PBXFrameworksBuildPhase;
			buildActionMask = 2147483647;
			files = (
			);
			runOnlyForDeploymentPostprocessing = 0;
		};
		F9DA47BF2165BF3600718111 /* Frameworks */ = {
			isa = PBXFrameworksBuildPhase;
			buildActionMask = 2147483647;
			files = (
			);
			runOnlyForDeploymentPostprocessing = 0;
		};
		F9DA47CA2165BF3600718111 /* Frameworks */ = {
			isa = PBXFrameworksBuildPhase;
			buildActionMask = 2147483647;
			files = (
			);
			runOnlyForDeploymentPostprocessing = 0;
		};
/* End PBXFrameworksBuildPhase section */

/* Begin PBXGroup section */
		F9DA47A32165BF3500718111 = {
			isa = PBXGroup;
			children = (
				F9DA47AE2165BF3500718111 /* bitters */,
				F9DA47C52165BF3600718111 /* bittersTests */,
				F9DA47D02165BF3600718111 /* bittersUITests */,
				F9DA47AD2165BF3500718111 /* Products */,
			);
			sourceTree = "<group>";
		};
		F9DA47AD2165BF3500718111 /* Products */ = {
			isa = PBXGroup;
			children = (
				F9DA47AC2165BF3500718111 /* bitters.app */,
				F9DA47C22165BF3600718111 /* bittersTests.xctest */,
				F9DA47CD2165BF3600718111 /* bittersUITests.xctest */,
			);
			name = Products;
			sourceTree = "<group>";
		};
		F9DA47AE2165BF3500718111 /* bitters */ = {
			isa = PBXGroup;
			children = (
				F9DA47AF2165BF3500718111 /* AppDelegate.swift */,
				F9DA47B12165BF3500718111 /* InventoryVC.swift */,
				F9DA47B32165BF3500718111 /* SecondViewController.swift */,
				F9DA47B52165BF3500718111 /* Main.storyboard */,
				F9DA47B82165BF3600718111 /* Assets.xcassets */,
				F9DA47BA2165BF3600718111 /* LaunchScreen.storyboard */,
				F9DA47BD2165BF3600718111 /* Info.plist */,
			);
			path = bitters;
			sourceTree = "<group>";
		};
		F9DA47C52165BF3600718111 /* bittersTests */ = {
			isa = PBXGroup;
			children = (
				F9DA47C62165BF3600718111 /* bittersTests.swift */,
				F9DA47C82165BF3600718111 /* Info.plist */,
			);
			path = bittersTests;
			sourceTree = "<group>";
		};
		F9DA47D02165BF3600718111 /* bittersUITests */ = {
			isa = PBXGroup;
			children = (
				F9DA47D12165BF3600718111 /* bittersUITests.swift */,
				F9DA47D32165BF3600718111 /* Info.plist */,
			);
			path = bittersUITests;
			sourceTree = "<group>";
		};
/* End PBXGroup section */

/* Begin PBXNativeTarget section */
		F9DA47AB2165BF3500718111 /* bitters */ = {
			isa = PBXNativeTarget;
			buildConfigurationList = F9DA47D62165BF3600718111 /* Build configuration list for PBXNativeTarget "bitters" */;
			buildPhases = (
				F9DA47A82165BF3500718111 /* Sources */,
				F9DA47A92165BF3500718111 /* Frameworks */,
				F9DA47AA2165BF3500718111 /* Resources */,
			);
			buildRules = (
			);
			dependencies = (
			);
			name = bitters;
			productName = bitters;
			productReference = F9DA47AC2165BF3500718111 /* bitters.app */;
			productType = "com.apple.product-type.application";
		};
		F9DA47C12165BF3600718111 /* bittersTests */ = {
			isa = PBXNativeTarget;
			buildConfigurationList = F9DA47D92165BF3600718111 /* Build configuration list for PBXNativeTarget "bittersTests" */;
			buildPhases = (
				F9DA47BE2165BF3600718111 /* Sources */,
				F9DA47BF2165BF3600718111 /* Frameworks */,
				F9DA47C02165BF3600718111 /* Resources */,
			);
			buildRules = (
			);
			dependencies = (
				F9DA47C42165BF3600718111 /* PBXTargetDependency */,
			);
			name = bittersTests;
			productName = bittersTests;
			productReference = F9DA47C22165BF3600718111 /* bittersTests.xctest */;
			productType = "com.apple.product-type.bundle.unit-test";
		};
		F9DA47CC2165BF3600718111 /* bittersUITests */ = {
			isa = PBXNativeTarget;
			buildConfigurationList = F9DA47DC2165BF3600718111 /* Build configuration list for PBXNativeTarget "bittersUITests" */;
			buildPhases = (
				F9DA47C92165BF3600718111 /* Sources */,
				F9DA47CA2165BF3600718111 /* Frameworks */,
				F9DA47CB2165BF3600718111 /* Resources */,
			);
			buildRules = (
			);
			dependencies = (
				F9DA47CF2165BF3600718111 /* PBXTargetDependency */,
			);
			name = bittersUITests;
			productName = bittersUITests;
			productReference = F9DA47CD2165BF3600718111 /* bittersUITests.xctest */;
			productType = "com.apple.product-type.bundle.ui-testing";
		};
/* End PBXNativeTarget section */

/* Begin PBXProject section */
		F9DA47A42165BF3500718111 /* Project object */ = {
			isa = PBXProject;
			attributes = {
				LastSwiftUpdateCheck = 1000;
				LastUpgradeCheck = 1000;
				ORGANIZATIONNAME = "Jorge Garcia-Rivera";
				TargetAttributes = {
					F9DA47AB2165BF3500718111 = {
						CreatedOnToolsVersion = 10.0;
					};
					F9DA47C12165BF3600718111 = {
						CreatedOnToolsVersion = 10.0;
						TestTargetID = F9DA47AB2165BF3500718111;
					};
					F9DA47CC2165BF3600718111 = {
						CreatedOnToolsVersion = 10.0;
						TestTargetID = F9DA47AB2165BF3500718111;
					};
				};
			};
			buildConfigurationList = F9DA47A72165BF3500718111 /* Build configuration list for PBXProject "bitters" */;
			compatibilityVersion = "Xcode 9.3";
			developmentRegion = en;
			hasScannedForEncodings = 0;
			knownRegions = (
				en,
				Base,
			);
			mainGroup = F9DA47A32165BF3500718111;
			productRefGroup = F9DA47AD2165BF3500718111 /* Products */;
			projectDirPath = "";
			projectRoot = "";
			targets = (
				F9DA47AB2165BF3500718111 /* bitters */,
				F9DA47C12165BF3600718111 /* bittersTests */,
				F9DA47CC2165BF3600718111 /* bittersUITests */,
			);
		};
/* End PBXProject section */

/* Begin PBXResourcesBuildPhase section */
		F9DA47AA2165BF3500718111 /* Resources */ = {
			isa = PBXResourcesBuildPhase;
			buildActionMask = 2147483647;
			files = (
				F9DA47BC2165BF3600718111 /* LaunchScreen.storyboard in Resources */,
				F9DA47B92165BF3600718111 /* Assets.xcassets in Resources */,
				F9DA47B72165BF3500718111 /* Main.storyboard in Resources */,
			);
			runOnlyForDeploymentPostprocessing = 0;
		};
		F9DA47C02165BF3600718111 /* Resources */ = {
			isa = PBXResourcesBuildPhase;
			buildActionMask = 2147483647;
			files = (
			);
			runOnlyForDeploymentPostprocessing = 0;
		};
		F9DA47CB2165BF3600718111 /* Resources */ = {
			isa = PBXResourcesBuildPhase;
			buildActionMask = 2147483647;
			files = (
			);
			runOnlyForDeploymentPostprocessing = 0;
		};
/* End PBXResourcesBuildPhase section */

/* Begin PBXSourcesBuildPhase section */
		F9DA47A82165BF3500718111 /* Sources */ = {
			isa = PBXSourcesBuildPhase;
			buildActionMask = 2147483647;
			files = (
				F9DA47B42165BF3500718111 /* SecondViewController.swift in Sources */,
				F9DA47B02165BF3500718111 /* AppDelegate.swift in Sources */,
				F9DA47B22165BF3500718111 /* InventoryVC.swift in Sources */,
			);
			runOnlyForDeploymentPostprocessing = 0;
		};
		F9DA47BE2165BF3600718111 /* Sources */ = {
			isa = PBXSourcesBuildPhase;
			buildActionMask = 2147483647;
			files = (
				F9DA47C72165BF3600718111 /* bittersTests.swift in Sources */,
			);
			runOnlyForDeploymentPostprocessing = 0;
		};
		F9DA47C92165BF3600718111 /* Sources */ = {
			isa = PBXSourcesBuildPhase;
			buildActionMask = 2147483647;
			files = (
				F9DA47D22165BF3600718111 /* bittersUITests.swift in Sources */,
			);
			runOnlyForDeploymentPostprocessing = 0;
		};
/* End PBXSourcesBuildPhase section */

/* Begin PBXTargetDependency section */
		F9DA47C42165BF3600718111 /* PBXTargetDependency */ = {
			isa = PBXTargetDependency;
			target = F9DA47AB2165BF3500718111 /* bitters */;
			targetProxy = F9DA47C32165BF3600718111 /* PBXContainerItemProxy */;
		};
		F9DA47CF2165BF3600718111 /* PBXTargetDependency */ = {
			isa = PBXTargetDependency;
			target = F9DA47AB2165BF3500718111 /* bitters */;
			targetProxy = F9DA47CE2165BF3600718111 /* PBXContainerItemProxy */;
		};
/* End PBXTargetDependency section */

/* Begin PBXVariantGroup section */
		F9DA47B52165BF3500718111 /* Main.storyboard */ = {
			isa = PBXVariantGroup;
			children = (
				F9DA47B62165BF3500718111 /* Base */,
			);
			name = Main.storyboard;
			sourceTree = "<group>";
		};
		F9DA47BA2165BF3600718111 /* LaunchScreen.storyboard */ = {
			isa = PBXVariantGroup;
			children = (
				F9DA47BB2165BF3600718111 /* Base */,
			);
			name = LaunchScreen.storyboard;
			sourceTree = "<group>";
		};
/* End PBXVariantGroup section */

/* Begin XCBuildConfiguration section */
		F9DA47D42165BF3600718111 /* Debug */ = {
			isa = XCBuildConfiguration;
			buildSettings = {
				ALWAYS_SEARCH_USER_PATHS = NO;
				CLANG_ANALYZER_NONNULL = YES;
				CLANG_ANALYZER_NUMBER_OBJECT_CONVERSION = YES_AGGRESSIVE;
				CLANG_CXX_LANGUAGE_STANDARD = "gnu++14";
				CLANG_CXX_LIBRARY = "libc++";
				CLANG_ENABLE_MODULES = YES;
				CLANG_ENABLE_OBJC_ARC = YES;
				CLANG_ENABLE_OBJC_WEAK = YES;
				CLANG_WARN_BLOCK_CAPTURE_AUTORELEASING = YES;
				CLANG_WARN_BOOL_CONVERSION = YES;
				CLANG_WARN_COMMA = YES;
				CLANG_WARN_CONSTANT_CONVERSION = YES;
				CLANG_WARN_DEPRECATED_OBJC_IMPLEMENTATIONS = YES;
				CLANG_WARN_DIRECT_OBJC_ISA_USAGE = YES_ERROR;
				CLANG_WARN_DOCUMENTATION_COMMENTS = YES;
				CLANG_WARN_EMPTY_BODY = YES;
				CLANG_WARN_ENUM_CONVERSION = YES;
				CLANG_WARN_INFINITE_RECURSION = YES;
				CLANG_WARN_INT_CONVERSION = YES;
				CLANG_WARN_NON_LITERAL_NULL_CONVERSION = YES;
				CLANG_WARN_OBJC_IMPLICIT_RETAIN_SELF = YES;
				CLANG_WARN_OBJC_LITERAL_CONVERSION = YES;
				CLANG_WARN_OBJC_ROOT_CLASS = YES_ERROR;
				CLANG_WARN_RANGE_LOOP_ANALYSIS = YES;
				CLANG_WARN_STRICT_PROTOTYPES = YES;
				CLANG_WARN_SUSPICIOUS_MOVE = YES;
				CLANG_WARN_UNGUARDED_AVAILABILITY = YES_AGGRESSIVE;
				CLANG_WARN_UNREACHABLE_CODE = YES;
				CLANG_WARN__DUPLICATE_METHOD_MATCH = YES;
				CODE_SIGN_IDENTITY = "iPhone Developer";
				COPY_PHASE_STRIP = NO;
				DEBUG_INFORMATION_FORMAT = dwarf;
				ENABLE_STRICT_OBJC_MSGSEND = YES;
				ENABLE_TESTABILITY = YES;
				GCC_C_LANGUAGE_STANDARD = gnu11;
				GCC_DYNAMIC_NO_PIC = NO;
				GCC_NO_COMMON_BLOCKS = YES;
				GCC_OPTIMIZATION_LEVEL = 0;
				GCC_PREPROCESSOR_DEFINITIONS = (
					"DEBUG=1",
					"$(inherited)",
				);
				GCC_WARN_64_TO_32_BIT_CONVERSION = YES;
				GCC_WARN_ABOUT_RETURN_TYPE = YES_ERROR;
				GCC_WARN_UNDECLARED_SELECTOR = YES;
				GCC_WARN_UNINITIALIZED_AUTOS = YES_AGGRESSIVE;
				GCC_WARN_UNUSED_FUNCTION = YES;
				GCC_WARN_UNUSED_VARIABLE = YES;
				IPHONEOS_DEPLOYMENT_TARGET = 12.0;
				MTL_ENABLE_DEBUG_INFO = INCLUDE_SOURCE;
				MTL_FAST_MATH = YES;
				ONLY_ACTIVE_ARCH = YES;
				SDKROOT = iphoneos;
				SWIFT_ACTIVE_COMPILATION_CONDITIONS = DEBUG;
				SWIFT_OPTIMIZATION_LEVEL = "-Onone";
			};
			name = Debug;
		};
		F9DA47D52165BF3600718111 /* Release */ = {
			isa = XCBuildConfiguration;
			buildSettings = {
				ALWAYS_SEARCH_USER_PATHS = NO;
				CLANG_ANALYZER_NONNULL = YES;
				CLANG_ANALYZER_NUMBER_OBJECT_CONVERSION = YES_AGGRESSIVE;
				CLANG_CXX_LANGUAGE_STANDARD = "gnu++14";
				CLANG_CXX_LIBRARY = "libc++";
				CLANG_ENABLE_MODULES = YES;
				CLANG_ENABLE_OBJC_ARC = YES;
				CLANG_ENABLE_OBJC_WEAK = YES;
				CLANG_WARN_BLOCK_CAPTURE_AUTORELEASING = YES;
				CLANG_WARN_BOOL_CONVERSION = YES;
				CLANG_WARN_COMMA = YES;
				CLANG_WARN_CONSTANT_CONVERSION = YES;
				CLANG_WARN_DEPRECATED_OBJC_IMPLEMENTATIONS = YES;
				CLANG_WARN_DIRECT_OBJC_ISA_USAGE = YES_ERROR;
				CLANG_WARN_DOCUMENTATION_COMMENTS = YES;
				CLANG_WARN_EMPTY_BODY = YES;
				CLANG_WARN_ENUM_CONVERSION = YES;
				CLANG_WARN_INFINITE_RECURSION = YES;
				CLANG_WARN_INT_CONVERSION = YES;
				CLANG_WARN_NON_LITERAL_NULL_CONVERSION = YES;
				CLANG_WARN_OBJC_IMPLICIT_RETAIN_SELF = YES;
				CLANG_WARN_OBJC_LITERAL_CONVERSION = YES;
				CLANG_WARN_OBJC_ROOT_CLASS = YES_ERROR;
				CLANG_WARN_RANGE_LOOP_ANALYSIS = YES;
				CLANG_WARN_STRICT_PROTOTYPES = YES;
				CLANG_WARN_SUSPICIOUS_MOVE = YES;
				CLANG_WARN_UNGUARDED_AVAILABILITY = YES_AGGRESSIVE;
				CLANG_WARN_UNREACHABLE_CODE = YES;
				CLANG_WARN__DUPLICATE_METHOD_MATCH = YES;
				CODE_SIGN_IDENTITY = "iPhone Developer";
				COPY_PHASE_STRIP = NO;
				DEBUG_INFORMATION_FORMAT = "dwarf-with-dsym";
				ENABLE_NS_ASSERTIONS = NO;
				ENABLE_STRICT_OBJC_MSGSEND = YES;
				GCC_C_LANGUAGE_STANDARD = gnu11;
				GCC_NO_COMMON_BLOCKS = YES;
				GCC_WARN_64_TO_32_BIT_CONVERSION = YES;
				GCC_WARN_ABOUT_RETURN_TYPE = YES_ERROR;
				GCC_WARN_UNDECLARED_SELECTOR = YES;
				GCC_WARN_UNINITIALIZED_AUTOS = YES_AGGRESSIVE;
				GCC_WARN_UNUSED_FUNCTION = YES;
				GCC_WARN_UNUSED_VARIABLE = YES;
				IPHONEOS_DEPLOYMENT_TARGET = 12.0;
				MTL_ENABLE_DEBUG_INFO = NO;
				MTL_FAST_MATH = YES;
				SDKROOT = iphoneos;
				SWIFT_COMPILATION_MODE = wholemodule;
				SWIFT_OPTIMIZATION_LEVEL = "-O";
				VALIDATE_PRODUCT = YES;
			};
			name = Release;
		};
		F9DA47D72165BF3600718111 /* Debug */ = {
			isa = XCBuildConfiguration;
			buildSettings = {
				ASSETCATALOG_COMPILER_APPICON_NAME = AppIcon;
				CODE_SIGN_STYLE = Automatic;
				DEVELOPMENT_TEAM = Z45ZX8S546;
				INFOPLIST_FILE = bitters/Info.plist;
				LD_RUNPATH_SEARCH_PATHS = (
					"$(inherited)",
					"@executable_path/Frameworks",
				);
				PRODUCT_BUNDLE_IDENTIFIER = ubicompteamfive.bitters;
				PRODUCT_NAME = "$(TARGET_NAME)";
				SWIFT_VERSION = 4.2;
				TARGETED_DEVICE_FAMILY = "1,2";
			};
			name = Debug;
		};
		F9DA47D82165BF3600718111 /* Release */ = {
			isa = XCBuildConfiguration;
			buildSettings = {
				ASSETCATALOG_COMPILER_APPICON_NAME = AppIcon;
				CODE_SIGN_STYLE = Automatic;
				DEVELOPMENT_TEAM = Z45ZX8S546;
				INFOPLIST_FILE = bitters/Info.plist;
				LD_RUNPATH_SEARCH_PATHS = (
					"$(inherited)",
					"@executable_path/Frameworks",
				);
				PRODUCT_BUNDLE_IDENTIFIER = ubicompteamfive.bitters;
				PRODUCT_NAME = "$(TARGET_NAME)";
				SWIFT_VERSION = 4.2;
				TARGETED_DEVICE_FAMILY = "1,2";
			};
			name = Release;
		};
		F9DA47DA2165BF3600718111 /* Debug */ = {
			isa = XCBuildConfiguration;
			buildSettings = {
				ALWAYS_EMBED_SWIFT_STANDARD_LIBRARIES = YES;
				BUNDLE_LOADER = "$(TEST_HOST)";
				CODE_SIGN_STYLE = Automatic;
				DEVELOPMENT_TEAM = Z45ZX8S546;
				INFOPLIST_FILE = bittersTests/Info.plist;
				LD_RUNPATH_SEARCH_PATHS = (
					"$(inherited)",
					"@executable_path/Frameworks",
					"@loader_path/Frameworks",
				);
				PRODUCT_BUNDLE_IDENTIFIER = ubicompteamfive.bittersTests;
				PRODUCT_NAME = "$(TARGET_NAME)";
				SWIFT_VERSION = 4.2;
				TARGETED_DEVICE_FAMILY = "1,2";
				TEST_HOST = "$(BUILT_PRODUCTS_DIR)/bitters.app/bitters";
			};
			name = Debug;
		};
		F9DA47DB2165BF3600718111 /* Release */ = {
			isa = XCBuildConfiguration;
			buildSettings = {
				ALWAYS_EMBED_SWIFT_STANDARD_LIBRARIES = YES;
				BUNDLE_LOADER = "$(TEST_HOST)";
				CODE_SIGN_STYLE = Automatic;
				DEVELOPMENT_TEAM = Z45ZX8S546;
				INFOPLIST_FILE = bittersTests/Info.plist;
				LD_RUNPATH_SEARCH_PATHS = (
					"$(inherited)",
					"@executable_path/Frameworks",
					"@loader_path/Frameworks",
				);
				PRODUCT_BUNDLE_IDENTIFIER = ubicompteamfive.bittersTests;
				PRODUCT_NAME = "$(TARGET_NAME)";
				SWIFT_VERSION = 4.2;
				TARGETED_DEVICE_FAMILY = "1,2";
				TEST_HOST = "$(BUILT_PRODUCTS_DIR)/bitters.app/bitters";
			};
			name = Release;
		};
		F9DA47DD2165BF3600718111 /* Debug */ = {
			isa = XCBuildConfiguration;
			buildSettings = {
				ALWAYS_EMBED_SWIFT_STANDARD_LIBRARIES = YES;
				CODE_SIGN_STYLE = Automatic;
				DEVELOPMENT_TEAM = Z45ZX8S546;
				INFOPLIST_FILE = bittersUITests/Info.plist;
				LD_RUNPATH_SEARCH_PATHS = (
					"$(inherited)",
					"@executable_path/Frameworks",
					"@loader_path/Frameworks",
				);
				PRODUCT_BUNDLE_IDENTIFIER = ubicompteamfive.bittersUITests;
				PRODUCT_NAME = "$(TARGET_NAME)";
				SWIFT_VERSION = 4.2;
				TARGETED_DEVICE_FAMILY = "1,2";
				TEST_TARGET_NAME = bitters;
			};
			name = Debug;
		};
		F9DA47DE2165BF3600718111 /* Release */ = {
			isa = XCBuildConfiguration;
			buildSettings = {
				ALWAYS_EMBED_SWIFT_STANDARD_LIBRARIES = YES;
				CODE_SIGN_STYLE = Automatic;
				DEVELOPMENT_TEAM = Z45ZX8S546;
				INFOPLIST_FILE = bittersUITests/Info.plist;
				LD_RUNPATH_SEARCH_PATHS = (
					"$(inherited)",
					"@executable_path/Frameworks",
					"@loader_path/Frameworks",
				);
				PRODUCT_BUNDLE_IDENTIFIER = ubicompteamfive.bittersUITests;
				PRODUCT_NAME = "$(TARGET_NAME)";
				SWIFT_VERSION = 4.2;
				TARGETED_DEVICE_FAMILY = "1,2";
				TEST_TARGET_NAME = bitters;
			};
			name = Release;
		};
/* End XCBuildConfiguration section */

/* Begin XCConfigurationList section */
		F9DA47A72165BF3500718111 /* Build configuration list for PBXProject "bitters" */ = {
			isa = XCConfigurationList;
			buildConfigurations = (
				F9DA47D42165BF3600718111 /* Debug */,
				F9DA47D52165BF3600718111 /* Release */,
			);
			defaultConfigurationIsVisible = 0;
			defaultConfigurationName = Release;
		};
		F9DA47D62165BF3600718111 /* Build configuration list for PBXNativeTarget "bitters" */ = {
			isa = XCConfigurationList;
			buildConfigurations = (
				F9DA47D72165BF3600718111 /* Debug */,
				F9DA47D82165BF3600718111 /* Release */,
			);
			defaultConfigurationIsVisible = 0;
			defaultConfigurationName = Release;
		};
		F9DA47D92165BF3600718111 /* Build configuration list for PBXNativeTarget "bittersTests" */ = {
			isa = XCConfigurationList;
			buildConfigurations = (
				F9DA47DA2165BF3600718111 /* Debug */,
				F9DA47DB2165BF3600718111 /* Release */,
			);
			defaultConfigurationIsVisible = 0;
			defaultConfigurationName = Release;
		};
		F9DA47DC2165BF3600718111 /* Build configuration list for PBXNativeTarget "bittersUITests" */ = {
			isa = XCConfigurationList;
			buildConfigurations = (
				F9DA47DD2165BF3600718111 /* Debug */,
				F9DA47DE2165BF3600718111 /* Release */,
			);
			defaultConfigurationIsVisible = 0;
			defaultConfigurationName = Release;
		};
/* End XCConfigurationList section */
	};
	rootObject = F9DA47A42165BF3500718111 /* Project object */;
}
