// !$*UTF8*$!
{
	archiveVersion = 1;
	classes = {
	};
	objectVersion = 50;
	objects = {

/* Begin PBXBuildFile section */
		06A87BBA21B8C15300877E2A /* ShoppingListViewController.swift in Sources */ = {isa = PBXBuildFile; fileRef = 06A87BB921B8C15300877E2A /* ShoppingListViewController.swift */; };
		06A87BBC21B8C16900877E2A /* ShoppingListCell.swift in Sources */ = {isa = PBXBuildFile; fileRef = 06A87BBB21B8C16900877E2A /* ShoppingListCell.swift */; };
		06E8806321B3446800CCCC3E /* imageCollectionViewCell.swift in Sources */ = {isa = PBXBuildFile; fileRef = 06E8806221B3446800CCCC3E /* imageCollectionViewCell.swift */; };
		06EE5EB7219CAFCD0057DA4B /* DiscoverVC.swift in Sources */ = {isa = PBXBuildFile; fileRef = 06EE5EB6219CAFCD0057DA4B /* DiscoverVC.swift */; };
		53B69B4A737C9B4800EB622F /* Pods_bittersUITests.framework in Frameworks */ = {isa = PBXBuildFile; fileRef = 43E050F3D14570F206139689 /* Pods_bittersUITests.framework */; };
		867106142E220DEE66BA988E /* Pods_bitters.framework in Frameworks */ = {isa = PBXBuildFile; fileRef = 204C685D4F4BE16838B7AB95 /* Pods_bitters.framework */; };
		C67648272189391900684B66 /* bittersUITests.swift in Sources */ = {isa = PBXBuildFile; fileRef = C67648262189391900684B66 /* bittersUITests.swift */; };
		DB0716A49F7252A98E07A20B /* Pods_bittersTests.framework in Frameworks */ = {isa = PBXBuildFile; fileRef = B49F28F77C417C074FB3B3E3 /* Pods_bittersTests.framework */; };
		F111EB742197819500DEB88A /* LoginViewController.swift in Sources */ = {isa = PBXBuildFile; fileRef = F111EB722197819500DEB88A /* LoginViewController.swift */; };
		F111EB752197819500DEB88A /* RegisterViewController.swift in Sources */ = {isa = PBXBuildFile; fileRef = F111EB732197819500DEB88A /* RegisterViewController.swift */; };
		F1211E9421B8A18E0049C28F /* LocalCollection.swift in Sources */ = {isa = PBXBuildFile; fileRef = F1211E9321B8A18E0049C28F /* LocalCollection.swift */; };
		F12B3C9221879ED800298636 /* InventoryViewController.swift in Sources */ = {isa = PBXBuildFile; fileRef = F12B3C9121879ED800298636 /* InventoryViewController.swift */; };
		F12B3C9621879F4000298636 /* InventoryCell.swift in Sources */ = {isa = PBXBuildFile; fileRef = F12B3C9521879F4000298636 /* InventoryCell.swift */; };
		F19D1E8F2188E842007B0C4D /* AddIngredientViewController.swift in Sources */ = {isa = PBXBuildFile; fileRef = F19D1E8E2188E842007B0C4D /* AddIngredientViewController.swift */; };
		F19D1E9121894872007B0C4D /* Methods.swift in Sources */ = {isa = PBXBuildFile; fileRef = F19D1E9021894872007B0C4D /* Methods.swift */; };
		F1E3A7B42197673F007DDE13 /* DatabaseConnection.swift in Sources */ = {isa = PBXBuildFile; fileRef = F1E3A7B32197673F007DDE13 /* DatabaseConnection.swift */; };
		F1E3A7B621976A24007DDE13 /* Structures.swift in Sources */ = {isa = PBXBuildFile; fileRef = F1E3A7B521976A24007DDE13 /* Structures.swift */; };
		F1F2EF5C2187E95700462932 /* InventoryUITest.swift in Sources */ = {isa = PBXBuildFile; fileRef = F1F2EF5B2187E95700462932 /* InventoryUITest.swift */; };
		F2790082218401A80063276C /* GoogleService-Info.plist in Resources */ = {isa = PBXBuildFile; fileRef = F2790081218401A80063276C /* GoogleService-Info.plist */; };
		F279008D218408AB0063276C /* bittersUITest.swift in Sources */ = {isa = PBXBuildFile; fileRef = F279008C218408AB0063276C /* bittersUITest.swift */; };
		F2790095218409110063276C /* LoginPageUITest.swift in Sources */ = {isa = PBXBuildFile; fileRef = F2790094218409110063276C /* LoginPageUITest.swift */; };
		F92BBE362199FD80005DF383 /* CocktailsListCell.swift in Sources */ = {isa = PBXBuildFile; fileRef = F92BBE352199FD80005DF383 /* CocktailsListCell.swift */; };
		F93A7A5D2198A853005B771E /* CocktailDescriptionVC.swift in Sources */ = {isa = PBXBuildFile; fileRef = F931200321976CC700583423 /* CocktailDescriptionVC.swift */; };
		F988DF3D21929FC200532167 /* CocktailsListVC.swift in Sources */ = {isa = PBXBuildFile; fileRef = F988DF3C21929FC200532167 /* CocktailsListVC.swift */; };
		F999DB3B2193590000BF2C7B /* CardView.swift in Sources */ = {isa = PBXBuildFile; fileRef = F999DB3A2193590000BF2C7B /* CardView.swift */; };
		F9BEEA7121B5F64100038BB5 /* CocktailPhotoCell.swift in Sources */ = {isa = PBXBuildFile; fileRef = F9BEEA7021B5F64100038BB5 /* CocktailPhotoCell.swift */; };
		F9BEEA7321B5F65300038BB5 /* CocktailInformationCell.swift in Sources */ = {isa = PBXBuildFile; fileRef = F9BEEA7221B5F65300038BB5 /* CocktailInformationCell.swift */; };
		F9DA47B02165BF3500718111 /* AppDelegate.swift in Sources */ = {isa = PBXBuildFile; fileRef = F9DA47AF2165BF3500718111 /* AppDelegate.swift */; };
		F9DA47B72165BF3500718111 /* Main.storyboard in Resources */ = {isa = PBXBuildFile; fileRef = F9DA47B52165BF3500718111 /* Main.storyboard */; };
		F9DA47B92165BF3600718111 /* Assets.xcassets in Resources */ = {isa = PBXBuildFile; fileRef = F9DA47B82165BF3600718111 /* Assets.xcassets */; };
		F9DA47BC2165BF3600718111 /* LaunchScreen.storyboard in Resources */ = {isa = PBXBuildFile; fileRef = F9DA47BA2165BF3600718111 /* LaunchScreen.storyboard */; };
/* End PBXBuildFile section */

/* Begin PBXContainerItemProxy section */
		C6764819218927CD00684B66 /* PBXContainerItemProxy */ = {
			isa = PBXContainerItemProxy;
			containerPortal = F9DA47A42165BF3500718111 /* Project object */;
			proxyType = 1;
			remoteGlobalIDString = F9DA47AB2165BF3500718111;
			remoteInfo = bitters;
		};
		C67648292189391900684B66 /* PBXContainerItemProxy */ = {
			isa = PBXContainerItemProxy;
			containerPortal = F9DA47A42165BF3500718111 /* Project object */;
			proxyType = 1;
			remoteGlobalIDString = F9DA47AB2165BF3500718111;
			remoteInfo = bitters;
		};
		F279008F218408AB0063276C /* PBXContainerItemProxy */ = {
			isa = PBXContainerItemProxy;
			containerPortal = F9DA47A42165BF3500718111 /* Project object */;
			proxyType = 1;
			remoteGlobalIDString = F9DA47AB2165BF3500718111;
			remoteInfo = bitters;
		};
/* End PBXContainerItemProxy section */

/* Begin PBXFileReference section */
		01F19CCCC7761BEBDCFFF103 /* Pods-bittersTests.release.xcconfig */ = {isa = PBXFileReference; includeInIndex = 1; lastKnownFileType = text.xcconfig; name = "Pods-bittersTests.release.xcconfig"; path = "Pods/Target Support Files/Pods-bittersTests/Pods-bittersTests.release.xcconfig"; sourceTree = "<group>"; };
		028D97D7756AF5F03EE4C37A /* Pods-bittersUITests.release.xcconfig */ = {isa = PBXFileReference; includeInIndex = 1; lastKnownFileType = text.xcconfig; name = "Pods-bittersUITests.release.xcconfig"; path = "Pods/Target Support Files/Pods-bittersUITests/Pods-bittersUITests.release.xcconfig"; sourceTree = "<group>"; };
		06A87BB921B8C15300877E2A /* ShoppingListViewController.swift */ = {isa = PBXFileReference; lastKnownFileType = sourcecode.swift; path = ShoppingListViewController.swift; sourceTree = "<group>"; };
		06A87BBB21B8C16900877E2A /* ShoppingListCell.swift */ = {isa = PBXFileReference; lastKnownFileType = sourcecode.swift; path = ShoppingListCell.swift; sourceTree = "<group>"; };
		06E8806221B3446800CCCC3E /* imageCollectionViewCell.swift */ = {isa = PBXFileReference; lastKnownFileType = sourcecode.swift; path = imageCollectionViewCell.swift; sourceTree = "<group>"; };
		06EE5EB6219CAFCD0057DA4B /* DiscoverVC.swift */ = {isa = PBXFileReference; lastKnownFileType = sourcecode.swift; path = DiscoverVC.swift; sourceTree = "<group>"; };
		1069C815FEBA7B9F4F8F272F /* Pods-bittersTests.debug.xcconfig */ = {isa = PBXFileReference; includeInIndex = 1; lastKnownFileType = text.xcconfig; name = "Pods-bittersTests.debug.xcconfig"; path = "Pods/Target Support Files/Pods-bittersTests/Pods-bittersTests.debug.xcconfig"; sourceTree = "<group>"; };
		204C685D4F4BE16838B7AB95 /* Pods_bitters.framework */ = {isa = PBXFileReference; explicitFileType = wrapper.framework; includeInIndex = 0; path = Pods_bitters.framework; sourceTree = BUILT_PRODUCTS_DIR; };
		43E050F3D14570F206139689 /* Pods_bittersUITests.framework */ = {isa = PBXFileReference; explicitFileType = wrapper.framework; includeInIndex = 0; path = Pods_bittersUITests.framework; sourceTree = BUILT_PRODUCTS_DIR; };
		5CE53F538F758EC3C203CC1A /* Pods-bittersUITests.debug.xcconfig */ = {isa = PBXFileReference; includeInIndex = 1; lastKnownFileType = text.xcconfig; name = "Pods-bittersUITests.debug.xcconfig"; path = "Pods/Target Support Files/Pods-bittersUITests/Pods-bittersUITests.debug.xcconfig"; sourceTree = "<group>"; };
		9FE34F67BEE4770A0E2F97A6 /* Pods-bitters.debug.xcconfig */ = {isa = PBXFileReference; includeInIndex = 1; lastKnownFileType = text.xcconfig; name = "Pods-bitters.debug.xcconfig"; path = "Pods/Target Support Files/Pods-bitters/Pods-bitters.debug.xcconfig"; sourceTree = "<group>"; };
		B49F28F77C417C074FB3B3E3 /* Pods_bittersTests.framework */ = {isa = PBXFileReference; explicitFileType = wrapper.framework; includeInIndex = 0; path = Pods_bittersTests.framework; sourceTree = BUILT_PRODUCTS_DIR; };
		C6764814218927CD00684B66 /* bittersTests.xctest */ = {isa = PBXFileReference; explicitFileType = wrapper.cfbundle; includeInIndex = 0; path = bittersTests.xctest; sourceTree = BUILT_PRODUCTS_DIR; };
		C6764816218927CD00684B66 /* bittersTests.swift */ = {isa = PBXFileReference; lastKnownFileType = sourcecode.swift; path = bittersTests.swift; sourceTree = "<group>"; };
		C6764818218927CD00684B66 /* Info.plist */ = {isa = PBXFileReference; lastKnownFileType = text.plist.xml; path = Info.plist; sourceTree = "<group>"; };
		C67648242189391900684B66 /* bittersUITests.xctest */ = {isa = PBXFileReference; explicitFileType = wrapper.cfbundle; includeInIndex = 0; path = bittersUITests.xctest; sourceTree = BUILT_PRODUCTS_DIR; };
		C67648262189391900684B66 /* bittersUITests.swift */ = {isa = PBXFileReference; lastKnownFileType = sourcecode.swift; path = bittersUITests.swift; sourceTree = "<group>"; };
		C67648282189391900684B66 /* Info.plist */ = {isa = PBXFileReference; lastKnownFileType = text.plist.xml; path = Info.plist; sourceTree = "<group>"; };
		CD7F0EA0D57CCE2068CCE20E /* Pods-bitters.release.xcconfig */ = {isa = PBXFileReference; includeInIndex = 1; lastKnownFileType = text.xcconfig; name = "Pods-bitters.release.xcconfig"; path = "Pods/Target Support Files/Pods-bitters/Pods-bitters.release.xcconfig"; sourceTree = "<group>"; };
		F111EB722197819500DEB88A /* LoginViewController.swift */ = {isa = PBXFileReference; fileEncoding = 4; lastKnownFileType = sourcecode.swift; path = LoginViewController.swift; sourceTree = "<group>"; };
		F111EB732197819500DEB88A /* RegisterViewController.swift */ = {isa = PBXFileReference; fileEncoding = 4; lastKnownFileType = sourcecode.swift; path = RegisterViewController.swift; sourceTree = "<group>"; };
		F1211E9321B8A18E0049C28F /* LocalCollection.swift */ = {isa = PBXFileReference; fileEncoding = 4; lastKnownFileType = sourcecode.swift; path = LocalCollection.swift; sourceTree = "<group>"; };
		F12B3C9121879ED800298636 /* InventoryViewController.swift */ = {isa = PBXFileReference; lastKnownFileType = sourcecode.swift; path = InventoryViewController.swift; sourceTree = "<group>"; };
		F12B3C9521879F4000298636 /* InventoryCell.swift */ = {isa = PBXFileReference; lastKnownFileType = sourcecode.swift; path = InventoryCell.swift; sourceTree = "<group>"; };
		F19D1E8E2188E842007B0C4D /* AddIngredientViewController.swift */ = {isa = PBXFileReference; lastKnownFileType = sourcecode.swift; path = AddIngredientViewController.swift; sourceTree = "<group>"; };
		F19D1E9021894872007B0C4D /* Methods.swift */ = {isa = PBXFileReference; lastKnownFileType = sourcecode.swift; path = Methods.swift; sourceTree = "<group>"; };
		F1E3A7B32197673F007DDE13 /* DatabaseConnection.swift */ = {isa = PBXFileReference; lastKnownFileType = sourcecode.swift; path = DatabaseConnection.swift; sourceTree = "<group>"; };
		F1E3A7B521976A24007DDE13 /* Structures.swift */ = {isa = PBXFileReference; lastKnownFileType = sourcecode.swift; path = Structures.swift; sourceTree = "<group>"; };
		F1F2EF5B2187E95700462932 /* InventoryUITest.swift */ = {isa = PBXFileReference; lastKnownFileType = sourcecode.swift; path = InventoryUITest.swift; sourceTree = "<group>"; };
		F2790081218401A80063276C /* GoogleService-Info.plist */ = {isa = PBXFileReference; fileEncoding = 4; lastKnownFileType = text.plist.xml; path = "GoogleService-Info.plist"; sourceTree = "<group>"; };
		F279008A218408AB0063276C /* bittersUITest.xctest */ = {isa = PBXFileReference; explicitFileType = wrapper.cfbundle; includeInIndex = 0; path = bittersUITest.xctest; sourceTree = BUILT_PRODUCTS_DIR; };
		F279008C218408AB0063276C /* bittersUITest.swift */ = {isa = PBXFileReference; lastKnownFileType = sourcecode.swift; path = bittersUITest.swift; sourceTree = "<group>"; };
		F279008E218408AB0063276C /* Info.plist */ = {isa = PBXFileReference; lastKnownFileType = text.plist.xml; path = Info.plist; sourceTree = "<group>"; };
		F2790094218409110063276C /* LoginPageUITest.swift */ = {isa = PBXFileReference; lastKnownFileType = sourcecode.swift; path = LoginPageUITest.swift; sourceTree = "<group>"; };
		F92BBE352199FD80005DF383 /* CocktailsListCell.swift */ = {isa = PBXFileReference; lastKnownFileType = sourcecode.swift; path = CocktailsListCell.swift; sourceTree = "<group>"; };
		F931200321976CC700583423 /* CocktailDescriptionVC.swift */ = {isa = PBXFileReference; lastKnownFileType = sourcecode.swift; path = CocktailDescriptionVC.swift; sourceTree = "<group>"; };
		F988DF3C21929FC200532167 /* CocktailsListVC.swift */ = {isa = PBXFileReference; lastKnownFileType = sourcecode.swift; path = CocktailsListVC.swift; sourceTree = "<group>"; };
		F999DB3A2193590000BF2C7B /* CardView.swift */ = {isa = PBXFileReference; lastKnownFileType = sourcecode.swift; path = CardView.swift; sourceTree = "<group>"; };
		F9BEEA7021B5F64100038BB5 /* CocktailPhotoCell.swift */ = {isa = PBXFileReference; lastKnownFileType = sourcecode.swift; path = CocktailPhotoCell.swift; sourceTree = "<group>"; };
		F9BEEA7221B5F65300038BB5 /* CocktailInformationCell.swift */ = {isa = PBXFileReference; lastKnownFileType = sourcecode.swift; path = CocktailInformationCell.swift; sourceTree = "<group>"; };
		F9DA47AC2165BF3500718111 /* bitters.app */ = {isa = PBXFileReference; explicitFileType = wrapper.application; includeInIndex = 0; path = bitters.app; sourceTree = BUILT_PRODUCTS_DIR; };
		F9DA47AF2165BF3500718111 /* AppDelegate.swift */ = {isa = PBXFileReference; lastKnownFileType = sourcecode.swift; path = AppDelegate.swift; sourceTree = "<group>"; };
		F9DA47B62165BF3500718111 /* Base */ = {isa = PBXFileReference; lastKnownFileType = file.storyboard; name = Base; path = Base.lproj/Main.storyboard; sourceTree = "<group>"; };
		F9DA47B82165BF3600718111 /* Assets.xcassets */ = {isa = PBXFileReference; lastKnownFileType = folder.assetcatalog; path = Assets.xcassets; sourceTree = "<group>"; };
		F9DA47BB2165BF3600718111 /* Base */ = {isa = PBXFileReference; lastKnownFileType = file.storyboard; name = Base; path = Base.lproj/LaunchScreen.storyboard; sourceTree = "<group>"; };
		F9DA47BD2165BF3600718111 /* Info.plist */ = {isa = PBXFileReference; lastKnownFileType = text.plist.xml; path = Info.plist; sourceTree = "<group>"; };
/* End PBXFileReference section */

/* Begin PBXFrameworksBuildPhase section */
		C6764811218927CD00684B66 /* Frameworks */ = {
			isa = PBXFrameworksBuildPhase;
			buildActionMask = 2147483647;
			files = (
				DB0716A49F7252A98E07A20B /* Pods_bittersTests.framework in Frameworks */,
			);
			runOnlyForDeploymentPostprocessing = 0;
		};
		C67648212189391900684B66 /* Frameworks */ = {
			isa = PBXFrameworksBuildPhase;
			buildActionMask = 2147483647;
			files = (
				53B69B4A737C9B4800EB622F /* Pods_bittersUITests.framework in Frameworks */,
			);
			runOnlyForDeploymentPostprocessing = 0;
		};
		F2790087218408AB0063276C /* Frameworks */ = {
			isa = PBXFrameworksBuildPhase;
			buildActionMask = 2147483647;
			files = (
			);
			runOnlyForDeploymentPostprocessing = 0;
		};
		F9DA47A92165BF3500718111 /* Frameworks */ = {
			isa = PBXFrameworksBuildPhase;
			buildActionMask = 2147483647;
			files = (
				867106142E220DEE66BA988E /* Pods_bitters.framework in Frameworks */,
			);
			runOnlyForDeploymentPostprocessing = 0;
		};
/* End PBXFrameworksBuildPhase section */

/* Begin PBXGroup section */
		06A87BB821B8C0F300877E2A /* Shopping List */ = {
			isa = PBXGroup;
			children = (
				06A87BB921B8C15300877E2A /* ShoppingListViewController.swift */,
				06A87BBB21B8C16900877E2A /* ShoppingListCell.swift */,
			);
			path = "Shopping List";
			sourceTree = "<group>";
		};
		06EE5EB5219CAF930057DA4B /* Discover */ = {
			isa = PBXGroup;
			children = (
				06E8806221B3446800CCCC3E /* imageCollectionViewCell.swift */,
				06EE5EB6219CAFCD0057DA4B /* DiscoverVC.swift */,
			);
			path = Discover;
			sourceTree = "<group>";
		};
		290E62726915E04D22F6A7F2 /* Pods */ = {
			isa = PBXGroup;
			children = (
				9FE34F67BEE4770A0E2F97A6 /* Pods-bitters.debug.xcconfig */,
				CD7F0EA0D57CCE2068CCE20E /* Pods-bitters.release.xcconfig */,
				1069C815FEBA7B9F4F8F272F /* Pods-bittersTests.debug.xcconfig */,
				01F19CCCC7761BEBDCFFF103 /* Pods-bittersTests.release.xcconfig */,
				5CE53F538F758EC3C203CC1A /* Pods-bittersUITests.debug.xcconfig */,
				028D97D7756AF5F03EE4C37A /* Pods-bittersUITests.release.xcconfig */,
			);
			name = Pods;
			sourceTree = "<group>";
		};
		94DD58500B6BB2F6A7460A3A /* Frameworks */ = {
			isa = PBXGroup;
			children = (
				204C685D4F4BE16838B7AB95 /* Pods_bitters.framework */,
				B49F28F77C417C074FB3B3E3 /* Pods_bittersTests.framework */,
				43E050F3D14570F206139689 /* Pods_bittersUITests.framework */,
			);
			name = Frameworks;
			sourceTree = "<group>";
		};
		C6764815218927CD00684B66 /* bittersTests */ = {
			isa = PBXGroup;
			children = (
				C6764816218927CD00684B66 /* bittersTests.swift */,
				C6764818218927CD00684B66 /* Info.plist */,
			);
			path = bittersTests;
			sourceTree = "<group>";
		};
		C67648252189391900684B66 /* bittersUITests */ = {
			isa = PBXGroup;
			children = (
				C67648262189391900684B66 /* bittersUITests.swift */,
				C67648282189391900684B66 /* Info.plist */,
			);
			path = bittersUITests;
			sourceTree = "<group>";
		};
		F12B3C9021879EB800298636 /* Inventory */ = {
			isa = PBXGroup;
			children = (
				F12B3C9121879ED800298636 /* InventoryViewController.swift */,
				F12B3C9521879F4000298636 /* InventoryCell.swift */,
				F19D1E8E2188E842007B0C4D /* AddIngredientViewController.swift */,
				F19D1E9021894872007B0C4D /* Methods.swift */,
			);
			path = Inventory;
			sourceTree = "<group>";
		};
		F1E3A7B221976700007DDE13 /* Model */ = {
			isa = PBXGroup;
			children = (
				F1E3A7B32197673F007DDE13 /* DatabaseConnection.swift */,
				F1211E9321B8A18E0049C28F /* LocalCollection.swift */,
				F1E3A7B521976A24007DDE13 /* Structures.swift */,
			);
			path = Model;
			sourceTree = "<group>";
		};
		F279008B218408AB0063276C /* bittersUITest */ = {
			isa = PBXGroup;
			children = (
				F279008C218408AB0063276C /* bittersUITest.swift */,
				F279008E218408AB0063276C /* Info.plist */,
				F2790094218409110063276C /* LoginPageUITest.swift */,
				F1F2EF5B2187E95700462932 /* InventoryUITest.swift */,
			);
			path = bittersUITest;
			sourceTree = "<group>";
		};
		F92BBE3B219A133C005DF383 /* List */ = {
			isa = PBXGroup;
			children = (
				F988DF3C21929FC200532167 /* CocktailsListVC.swift */,
				F92BBE352199FD80005DF383 /* CocktailsListCell.swift */,
			);
			path = List;
			sourceTree = "<group>";
		};
		F92BBE3C219A1351005DF383 /* Description */ = {
			isa = PBXGroup;
			children = (
				F931200321976CC700583423 /* CocktailDescriptionVC.swift */,
				F9BEEA7021B5F64100038BB5 /* CocktailPhotoCell.swift */,
				F9BEEA7221B5F65300038BB5 /* CocktailInformationCell.swift */,
			);
			path = Description;
			sourceTree = "<group>";
		};
		F999DB3D2193681B00BF2C7B /* Login and Registration */ = {
			isa = PBXGroup;
			children = (
				F111EB722197819500DEB88A /* LoginViewController.swift */,
				F111EB732197819500DEB88A /* RegisterViewController.swift */,
			);
			path = "Login and Registration";
			sourceTree = "<group>";
		};
		F9D4B33D218F9A5B00A7EC38 /* Cocktails */ = {
			isa = PBXGroup;
			children = (
				F92BBE3B219A133C005DF383 /* List */,
				F92BBE3C219A1351005DF383 /* Description */,
			);
			path = Cocktails;
			sourceTree = "<group>";
		};
		F9DA47A32165BF3500718111 = {
			isa = PBXGroup;
			children = (
				F9DA47AE2165BF3500718111 /* bitters */,
				F279008B218408AB0063276C /* bittersUITest */,
				C6764815218927CD00684B66 /* bittersTests */,
				C67648252189391900684B66 /* bittersUITests */,
				F9DA47AD2165BF3500718111 /* Products */,
				290E62726915E04D22F6A7F2 /* Pods */,
				94DD58500B6BB2F6A7460A3A /* Frameworks */,
			);
			sourceTree = "<group>";
		};
		F9DA47AD2165BF3500718111 /* Products */ = {
			isa = PBXGroup;
			children = (
				F9DA47AC2165BF3500718111 /* bitters.app */,
				F279008A218408AB0063276C /* bittersUITest.xctest */,
				C6764814218927CD00684B66 /* bittersTests.xctest */,
				C67648242189391900684B66 /* bittersUITests.xctest */,
			);
			name = Products;
			sourceTree = "<group>";
		};
		F9DA47AE2165BF3500718111 /* bitters */ = {
			isa = PBXGroup;
			children = (
				06A87BB821B8C0F300877E2A /* Shopping List */,
				06EE5EB5219CAF930057DA4B /* Discover */,
				F9D4B33D218F9A5B00A7EC38 /* Cocktails */,
				F12B3C9021879EB800298636 /* Inventory */,
				F1E3A7B221976700007DDE13 /* Model */,
				F999DB3D2193681B00BF2C7B /* Login and Registration */,
				F9DA47B52165BF3500718111 /* Main.storyboard */,
				F999DB3A2193590000BF2C7B /* CardView.swift */,
				F9DA47AF2165BF3500718111 /* AppDelegate.swift */,
				F2790081218401A80063276C /* GoogleService-Info.plist */,
				F9DA47B82165BF3600718111 /* Assets.xcassets */,
				F9DA47BA2165BF3600718111 /* LaunchScreen.storyboard */,
				F9DA47BD2165BF3600718111 /* Info.plist */,
			);
			path = bitters;
			sourceTree = "<group>";
		};
/* End PBXGroup section */

/* Begin PBXNativeTarget section */
		C6764813218927CD00684B66 /* bittersTests */ = {
			isa = PBXNativeTarget;
			buildConfigurationList = F19D1E94218973FF007B0C4D /* Build configuration list for PBXNativeTarget "bittersTests" */;
			buildPhases = (
				A92EC152BBA4D1BC90F79899 /* [CP] Check Pods Manifest.lock */,
				C6764810218927CD00684B66 /* Sources */,
				C6764811218927CD00684B66 /* Frameworks */,
				C6764812218927CD00684B66 /* Resources */,
			);
			buildRules = (
			);
			dependencies = (
				C676481A218927CD00684B66 /* PBXTargetDependency */,
			);
			name = bittersTests;
			productName = bittersTests;
			productReference = C6764814218927CD00684B66 /* bittersTests.xctest */;
			productType = "com.apple.product-type.bundle.unit-test";
		};
		C67648232189391900684B66 /* bittersUITests */ = {
			isa = PBXNativeTarget;
			buildConfigurationList = C676482B2189391900684B66 /* Build configuration list for PBXNativeTarget "bittersUITests" */;
			buildPhases = (
				6CD7561154E120E73D128FCC /* [CP] Check Pods Manifest.lock */,
				C67648202189391900684B66 /* Sources */,
				C67648212189391900684B66 /* Frameworks */,
				C67648222189391900684B66 /* Resources */,
			);
			buildRules = (
			);
			dependencies = (
				C676482A2189391900684B66 /* PBXTargetDependency */,
			);
			name = bittersUITests;
			productName = bittersUITests;
			productReference = C67648242189391900684B66 /* bittersUITests.xctest */;
			productType = "com.apple.product-type.bundle.ui-testing";
		};
		F2790089218408AB0063276C /* bittersUITest */ = {
			isa = PBXNativeTarget;
			buildConfigurationList = F2790091218408AB0063276C /* Build configuration list for PBXNativeTarget "bittersUITest" */;
			buildPhases = (
				F2790086218408AB0063276C /* Sources */,
				F2790087218408AB0063276C /* Frameworks */,
				F2790088218408AB0063276C /* Resources */,
			);
			buildRules = (
			);
			dependencies = (
				F2790090218408AB0063276C /* PBXTargetDependency */,
			);
			name = bittersUITest;
			productName = bittersUITest;
			productReference = F279008A218408AB0063276C /* bittersUITest.xctest */;
			productType = "com.apple.product-type.bundle.ui-testing";
		};
		F9DA47AB2165BF3500718111 /* bitters */ = {
			isa = PBXNativeTarget;
			buildConfigurationList = F9DA47D62165BF3600718111 /* Build configuration list for PBXNativeTarget "bitters" */;
			buildPhases = (
				C2AA497BE615A77DBE0B9323 /* [CP] Check Pods Manifest.lock */,
				F9DA47A82165BF3500718111 /* Sources */,
				F9DA47A92165BF3500718111 /* Frameworks */,
				F9DA47AA2165BF3500718111 /* Resources */,
				84AFA635DAA6CBA051626861 /* [CP] Embed Pods Frameworks */,
			);
			buildRules = (
			);
			dependencies = (
			);
			name = bitters;
			productName = bitters;
			productReference = F9DA47AC2165BF3500718111 /* bitters.app */;
			productType = "com.apple.product-type.application";
		};
/* End PBXNativeTarget section */

/* Begin PBXProject section */
		F9DA47A42165BF3500718111 /* Project object */ = {
			isa = PBXProject;
			attributes = {
				DefaultBuildSystemTypeForWorkspace = Original;
				LastSwiftUpdateCheck = 1010;
				LastUpgradeCheck = 1000;
				ORGANIZATIONNAME = "Jorge Garcia-Rivera";
				TargetAttributes = {
					C6764813218927CD00684B66 = {
						CreatedOnToolsVersion = 10.1;
						TestTargetID = F9DA47AB2165BF3500718111;
					};
					C67648232189391900684B66 = {
						CreatedOnToolsVersion = 10.1;
						TestTargetID = F9DA47AB2165BF3500718111;
					};
					F2790089218408AB0063276C = {
						CreatedOnToolsVersion = 10.0;
						TestTargetID = F9DA47AB2165BF3500718111;
					};
					F9DA47AB2165BF3500718111 = {
						CreatedOnToolsVersion = 10.0;
					};
				};
			};
			buildConfigurationList = F9DA47A72165BF3500718111 /* Build configuration list for PBXProject "bitters" */;
			compatibilityVersion = "Xcode 9.3";
			developmentRegion = en;
			hasScannedForEncodings = 0;
			knownRegions = (
				en,
				Base,
			);
			mainGroup = F9DA47A32165BF3500718111;
			productRefGroup = F9DA47AD2165BF3500718111 /* Products */;
			projectDirPath = "";
			projectRoot = "";
			targets = (
				F9DA47AB2165BF3500718111 /* bitters */,
				F2790089218408AB0063276C /* bittersUITest */,
				C6764813218927CD00684B66 /* bittersTests */,
				C67648232189391900684B66 /* bittersUITests */,
			);
		};
/* End PBXProject section */

/* Begin PBXResourcesBuildPhase section */
		C6764812218927CD00684B66 /* Resources */ = {
			isa = PBXResourcesBuildPhase;
			buildActionMask = 2147483647;
			files = (
			);
			runOnlyForDeploymentPostprocessing = 0;
		};
		C67648222189391900684B66 /* Resources */ = {
			isa = PBXResourcesBuildPhase;
			buildActionMask = 2147483647;
			files = (
			);
			runOnlyForDeploymentPostprocessing = 0;
		};
		F2790088218408AB0063276C /* Resources */ = {
			isa = PBXResourcesBuildPhase;
			buildActionMask = 2147483647;
			files = (
			);
			runOnlyForDeploymentPostprocessing = 0;
		};
		F9DA47AA2165BF3500718111 /* Resources */ = {
			isa = PBXResourcesBuildPhase;
			buildActionMask = 2147483647;
			files = (
				F9DA47BC2165BF3600718111 /* LaunchScreen.storyboard in Resources */,
				F2790082218401A80063276C /* GoogleService-Info.plist in Resources */,
				F9DA47B92165BF3600718111 /* Assets.xcassets in Resources */,
				F9DA47B72165BF3500718111 /* Main.storyboard in Resources */,
			);
			runOnlyForDeploymentPostprocessing = 0;
		};
/* End PBXResourcesBuildPhase section */

/* Begin PBXShellScriptBuildPhase section */
		6CD7561154E120E73D128FCC /* [CP] Check Pods Manifest.lock */ = {
			isa = PBXShellScriptBuildPhase;
			buildActionMask = 2147483647;
			files = (
			);
			inputFileListPaths = (
			);
			inputPaths = (
				"${PODS_PODFILE_DIR_PATH}/Podfile.lock",
				"${PODS_ROOT}/Manifest.lock",
			);
			name = "[CP] Check Pods Manifest.lock";
			outputFileListPaths = (
			);
			outputPaths = (
				"$(DERIVED_FILE_DIR)/Pods-bittersUITests-checkManifestLockResult.txt",
			);
			runOnlyForDeploymentPostprocessing = 0;
			shellPath = /bin/sh;
			shellScript = "diff \"${PODS_PODFILE_DIR_PATH}/Podfile.lock\" \"${PODS_ROOT}/Manifest.lock\" > /dev/null\nif [ $? != 0 ] ; then\n    # print error to STDERR\n    echo \"error: The sandbox is not in sync with the Podfile.lock. Run 'pod install' or update your CocoaPods installation.\" >&2\n    exit 1\nfi\n# This output is used by Xcode 'outputs' to avoid re-running this script phase.\necho \"SUCCESS\" > \"${SCRIPT_OUTPUT_FILE_0}\"\n";
			showEnvVarsInLog = 0;
		};
		84AFA635DAA6CBA051626861 /* [CP] Embed Pods Frameworks */ = {
			isa = PBXShellScriptBuildPhase;
			buildActionMask = 2147483647;
			files = (
			);
			inputFileListPaths = (
			);
			inputPaths = (
				"${SRCROOT}/Pods/Target Support Files/Pods-bitters/Pods-bitters-frameworks.sh",
				"${BUILT_PRODUCTS_DIR}/BoringSSL/openssl.framework",
				"${BUILT_PRODUCTS_DIR}/GTMSessionFetcher/GTMSessionFetcher.framework",
				"${BUILT_PRODUCTS_DIR}/GoogleUtilities/GoogleUtilities.framework",
				"${BUILT_PRODUCTS_DIR}/Protobuf/Protobuf.framework",
				"${BUILT_PRODUCTS_DIR}/SDWebImage/SDWebImage.framework",
				"${BUILT_PRODUCTS_DIR}/gRPC/GRPCClient.framework",
				"${BUILT_PRODUCTS_DIR}/gRPC-C++/grpcpp.framework",
				"${BUILT_PRODUCTS_DIR}/gRPC-Core/grpc.framework",
				"${BUILT_PRODUCTS_DIR}/gRPC-ProtoRPC/ProtoRPC.framework",
				"${BUILT_PRODUCTS_DIR}/gRPC-RxLibrary/RxLibrary.framework",
				"${BUILT_PRODUCTS_DIR}/leveldb-library/leveldb.framework",
				"${BUILT_PRODUCTS_DIR}/nanopb/nanopb.framework",
			);
			name = "[CP] Embed Pods Frameworks";
			outputFileListPaths = (
			);
			outputPaths = (
				"${TARGET_BUILD_DIR}/${FRAMEWORKS_FOLDER_PATH}/openssl.framework",
				"${TARGET_BUILD_DIR}/${FRAMEWORKS_FOLDER_PATH}/GTMSessionFetcher.framework",
				"${TARGET_BUILD_DIR}/${FRAMEWORKS_FOLDER_PATH}/GoogleUtilities.framework",
				"${TARGET_BUILD_DIR}/${FRAMEWORKS_FOLDER_PATH}/Protobuf.framework",
				"${TARGET_BUILD_DIR}/${FRAMEWORKS_FOLDER_PATH}/SDWebImage.framework",
				"${TARGET_BUILD_DIR}/${FRAMEWORKS_FOLDER_PATH}/GRPCClient.framework",
				"${TARGET_BUILD_DIR}/${FRAMEWORKS_FOLDER_PATH}/grpcpp.framework",
				"${TARGET_BUILD_DIR}/${FRAMEWORKS_FOLDER_PATH}/grpc.framework",
				"${TARGET_BUILD_DIR}/${FRAMEWORKS_FOLDER_PATH}/ProtoRPC.framework",
				"${TARGET_BUILD_DIR}/${FRAMEWORKS_FOLDER_PATH}/RxLibrary.framework",
				"${TARGET_BUILD_DIR}/${FRAMEWORKS_FOLDER_PATH}/leveldb.framework",
				"${TARGET_BUILD_DIR}/${FRAMEWORKS_FOLDER_PATH}/nanopb.framework",
			);
			runOnlyForDeploymentPostprocessing = 0;
			shellPath = /bin/sh;
			shellScript = "\"${SRCROOT}/Pods/Target Support Files/Pods-bitters/Pods-bitters-frameworks.sh\"\n";
			showEnvVarsInLog = 0;
		};
		A92EC152BBA4D1BC90F79899 /* [CP] Check Pods Manifest.lock */ = {
			isa = PBXShellScriptBuildPhase;
			buildActionMask = 2147483647;
			files = (
			);
			inputFileListPaths = (
			);
			inputPaths = (
				"${PODS_PODFILE_DIR_PATH}/Podfile.lock",
				"${PODS_ROOT}/Manifest.lock",
			);
			name = "[CP] Check Pods Manifest.lock";
			outputFileListPaths = (
			);
			outputPaths = (
				"$(DERIVED_FILE_DIR)/Pods-bittersTests-checkManifestLockResult.txt",
			);
			runOnlyForDeploymentPostprocessing = 0;
			shellPath = /bin/sh;
			shellScript = "diff \"${PODS_PODFILE_DIR_PATH}/Podfile.lock\" \"${PODS_ROOT}/Manifest.lock\" > /dev/null\nif [ $? != 0 ] ; then\n    # print error to STDERR\n    echo \"error: The sandbox is not in sync with the Podfile.lock. Run 'pod install' or update your CocoaPods installation.\" >&2\n    exit 1\nfi\n# This output is used by Xcode 'outputs' to avoid re-running this script phase.\necho \"SUCCESS\" > \"${SCRIPT_OUTPUT_FILE_0}\"\n";
			showEnvVarsInLog = 0;
		};
		C2AA497BE615A77DBE0B9323 /* [CP] Check Pods Manifest.lock */ = {
			isa = PBXShellScriptBuildPhase;
			buildActionMask = 2147483647;
			files = (
			);
			inputFileListPaths = (
			);
			inputPaths = (
				"${PODS_PODFILE_DIR_PATH}/Podfile.lock",
				"${PODS_ROOT}/Manifest.lock",
			);
			name = "[CP] Check Pods Manifest.lock";
			outputFileListPaths = (
			);
			outputPaths = (
				"$(DERIVED_FILE_DIR)/Pods-bitters-checkManifestLockResult.txt",
			);
			runOnlyForDeploymentPostprocessing = 0;
			shellPath = /bin/sh;
			shellScript = "diff \"${PODS_PODFILE_DIR_PATH}/Podfile.lock\" \"${PODS_ROOT}/Manifest.lock\" > /dev/null\nif [ $? != 0 ] ; then\n    # print error to STDERR\n    echo \"error: The sandbox is not in sync with the Podfile.lock. Run 'pod install' or update your CocoaPods installation.\" >&2\n    exit 1\nfi\n# This output is used by Xcode 'outputs' to avoid re-running this script phase.\necho \"SUCCESS\" > \"${SCRIPT_OUTPUT_FILE_0}\"\n";
			showEnvVarsInLog = 0;
		};
/* End PBXShellScriptBuildPhase section */

/* Begin PBXSourcesBuildPhase section */
		C6764810218927CD00684B66 /* Sources */ = {
			isa = PBXSourcesBuildPhase;
			buildActionMask = 2147483647;
			files = (
			);
			runOnlyForDeploymentPostprocessing = 0;
		};
		C67648202189391900684B66 /* Sources */ = {
			isa = PBXSourcesBuildPhase;
			buildActionMask = 2147483647;
			files = (
				C67648272189391900684B66 /* bittersUITests.swift in Sources */,
			);
			runOnlyForDeploymentPostprocessing = 0;
		};
		F2790086218408AB0063276C /* Sources */ = {
			isa = PBXSourcesBuildPhase;
			buildActionMask = 2147483647;
			files = (
				F2790095218409110063276C /* LoginPageUITest.swift in Sources */,
				F279008D218408AB0063276C /* bittersUITest.swift in Sources */,
				F1F2EF5C2187E95700462932 /* InventoryUITest.swift in Sources */,
			);
			runOnlyForDeploymentPostprocessing = 0;
		};
		F9DA47A82165BF3500718111 /* Sources */ = {
			isa = PBXSourcesBuildPhase;
			buildActionMask = 2147483647;
			files = (
				06A87BBC21B8C16900877E2A /* ShoppingListCell.swift in Sources */,
				F111EB742197819500DEB88A /* LoginViewController.swift in Sources */,
				F1211E9421B8A18E0049C28F /* LocalCollection.swift in Sources */,
				F19D1E8F2188E842007B0C4D /* AddIngredientViewController.swift in Sources */,
				F9BEEA7121B5F64100038BB5 /* CocktailPhotoCell.swift in Sources */,
				F19D1E9121894872007B0C4D /* Methods.swift in Sources */,
				F12B3C9221879ED800298636 /* InventoryViewController.swift in Sources */,
				06E8806321B3446800CCCC3E /* imageCollectionViewCell.swift in Sources */,
				F12B3C9621879F4000298636 /* InventoryCell.swift in Sources */,
				F93A7A5D2198A853005B771E /* CocktailDescriptionVC.swift in Sources */,
				F9BEEA7321B5F65300038BB5 /* CocktailInformationCell.swift in Sources */,
				F1E3A7B42197673F007DDE13 /* DatabaseConnection.swift in Sources */,
				06A87BBA21B8C15300877E2A /* ShoppingListViewController.swift in Sources */,
				F1E3A7B621976A24007DDE13 /* Structures.swift in Sources */,
				F92BBE362199FD80005DF383 /* CocktailsListCell.swift in Sources */,
				F999DB3B2193590000BF2C7B /* CardView.swift in Sources */,
				F111EB752197819500DEB88A /* RegisterViewController.swift in Sources */,
				F9DA47B02165BF3500718111 /* AppDelegate.swift in Sources */,
				F988DF3D21929FC200532167 /* CocktailsListVC.swift in Sources */,
				06EE5EB7219CAFCD0057DA4B /* DiscoverVC.swift in Sources */,
			);
			runOnlyForDeploymentPostprocessing = 0;
		};
/* End PBXSourcesBuildPhase section */

/* Begin PBXTargetDependency section */
		C676481A218927CD00684B66 /* PBXTargetDependency */ = {
			isa = PBXTargetDependency;
			target = F9DA47AB2165BF3500718111 /* bitters */;
			targetProxy = C6764819218927CD00684B66 /* PBXContainerItemProxy */;
		};
		C676482A2189391900684B66 /* PBXTargetDependency */ = {
			isa = PBXTargetDependency;
			target = F9DA47AB2165BF3500718111 /* bitters */;
			targetProxy = C67648292189391900684B66 /* PBXContainerItemProxy */;
		};
		F2790090218408AB0063276C /* PBXTargetDependency */ = {
			isa = PBXTargetDependency;
			target = F9DA47AB2165BF3500718111 /* bitters */;
			targetProxy = F279008F218408AB0063276C /* PBXContainerItemProxy */;
		};
/* End PBXTargetDependency section */

/* Begin PBXVariantGroup section */
		F9DA47B52165BF3500718111 /* Main.storyboard */ = {
			isa = PBXVariantGroup;
			children = (
				F9DA47B62165BF3500718111 /* Base */,
			);
			name = Main.storyboard;
			sourceTree = "<group>";
		};
		F9DA47BA2165BF3600718111 /* LaunchScreen.storyboard */ = {
			isa = PBXVariantGroup;
			children = (
				F9DA47BB2165BF3600718111 /* Base */,
			);
			name = LaunchScreen.storyboard;
			sourceTree = "<group>";
		};
/* End PBXVariantGroup section */

/* Begin XCBuildConfiguration section */
		C676482C2189391900684B66 /* Debug */ = {
			isa = XCBuildConfiguration;
			baseConfigurationReference = 5CE53F538F758EC3C203CC1A /* Pods-bittersUITests.debug.xcconfig */;
			buildSettings = {
				CODE_SIGN_STYLE = Automatic;
				INFOPLIST_FILE = bittersUITests/Info.plist;
				IPHONEOS_DEPLOYMENT_TARGET = 12.1;
				LD_RUNPATH_SEARCH_PATHS = (
					"$(inherited)",
					"@executable_path/Frameworks",
					"@loader_path/Frameworks",
				);
				PRODUCT_BUNDLE_IDENTIFIER = com.team5.bittersUITests;
				PRODUCT_NAME = "$(TARGET_NAME)";
				SWIFT_VERSION = 4.2;
				TARGETED_DEVICE_FAMILY = "1,2";
				TEST_TARGET_NAME = bitters;
			};
			name = Debug;
		};
		C676482D2189391900684B66 /* Release */ = {
			isa = XCBuildConfiguration;
			baseConfigurationReference = 028D97D7756AF5F03EE4C37A /* Pods-bittersUITests.release.xcconfig */;
			buildSettings = {
				CODE_SIGN_STYLE = Automatic;
				INFOPLIST_FILE = bittersUITests/Info.plist;
				IPHONEOS_DEPLOYMENT_TARGET = 12.1;
				LD_RUNPATH_SEARCH_PATHS = (
					"$(inherited)",
					"@executable_path/Frameworks",
					"@loader_path/Frameworks",
				);
				PRODUCT_BUNDLE_IDENTIFIER = com.team5.bittersUITests;
				PRODUCT_NAME = "$(TARGET_NAME)";
				SWIFT_VERSION = 4.2;
				TARGETED_DEVICE_FAMILY = "1,2";
				TEST_TARGET_NAME = bitters;
			};
			name = Release;
		};
		F19D1E92218973FF007B0C4D /* Debug */ = {
			isa = XCBuildConfiguration;
			baseConfigurationReference = 1069C815FEBA7B9F4F8F272F /* Pods-bittersTests.debug.xcconfig */;
			buildSettings = {
				COPY_PHASE_STRIP = NO;
				GCC_DYNAMIC_NO_PIC = NO;
				GCC_OPTIMIZATION_LEVEL = 0;
				PRODUCT_NAME = bittersTests;
			};
			name = Debug;
		};
		F19D1E93218973FF007B0C4D /* Release */ = {
			isa = XCBuildConfiguration;
			baseConfigurationReference = 01F19CCCC7761BEBDCFFF103 /* Pods-bittersTests.release.xcconfig */;
			buildSettings = {
				COPY_PHASE_STRIP = YES;
				DEBUG_INFORMATION_FORMAT = "dwarf-with-dsym";
				PRODUCT_NAME = bittersTests;
			};
			name = Release;
		};
		F2790092218408AB0063276C /* Debug */ = {
			isa = XCBuildConfiguration;
			buildSettings = {
				CODE_SIGN_STYLE = Automatic;
				DEVELOPMENT_TEAM = 7VB9R44KK9;
				INFOPLIST_FILE = bittersUITest/Info.plist;
				LD_RUNPATH_SEARCH_PATHS = (
					"$(inherited)",
					"@executable_path/Frameworks",
					"@loader_path/Frameworks",
				);
				PRODUCT_BUNDLE_IDENTIFIER = tech.thenerdydeveloper;
				PRODUCT_NAME = "$(TARGET_NAME)";
				SWIFT_VERSION = 4.2;
				TARGETED_DEVICE_FAMILY = "1,2";
				TEST_TARGET_NAME = bitters;
			};
			name = Debug;
		};
		F2790093218408AB0063276C /* Release */ = {
			isa = XCBuildConfiguration;
			buildSettings = {
				CODE_SIGN_STYLE = Automatic;
				DEVELOPMENT_TEAM = 7VB9R44KK9;
				INFOPLIST_FILE = bittersUITest/Info.plist;
				LD_RUNPATH_SEARCH_PATHS = (
					"$(inherited)",
					"@executable_path/Frameworks",
					"@loader_path/Frameworks",
				);
				PRODUCT_BUNDLE_IDENTIFIER = tech.thenerdydeveloper;
				PRODUCT_NAME = "$(TARGET_NAME)";
				SWIFT_VERSION = 4.2;
				TARGETED_DEVICE_FAMILY = "1,2";
				TEST_TARGET_NAME = bitters;
			};
			name = Release;
		};
		F9DA47D42165BF3600718111 /* Debug */ = {
			isa = XCBuildConfiguration;
			buildSettings = {
				ALWAYS_SEARCH_USER_PATHS = NO;
				CLANG_ANALYZER_NONNULL = YES;
				CLANG_ANALYZER_NUMBER_OBJECT_CONVERSION = YES_AGGRESSIVE;
				CLANG_CXX_LANGUAGE_STANDARD = "gnu++14";
				CLANG_CXX_LIBRARY = "libc++";
				CLANG_ENABLE_MODULES = YES;
				CLANG_ENABLE_OBJC_ARC = YES;
				CLANG_ENABLE_OBJC_WEAK = YES;
				CLANG_WARN_BLOCK_CAPTURE_AUTORELEASING = YES;
				CLANG_WARN_BOOL_CONVERSION = YES;
				CLANG_WARN_COMMA = YES;
				CLANG_WARN_CONSTANT_CONVERSION = YES;
				CLANG_WARN_DEPRECATED_OBJC_IMPLEMENTATIONS = YES;
				CLANG_WARN_DIRECT_OBJC_ISA_USAGE = YES_ERROR;
				CLANG_WARN_DOCUMENTATION_COMMENTS = YES;
				CLANG_WARN_EMPTY_BODY = YES;
				CLANG_WARN_ENUM_CONVERSION = YES;
				CLANG_WARN_INFINITE_RECURSION = YES;
				CLANG_WARN_INT_CONVERSION = YES;
				CLANG_WARN_NON_LITERAL_NULL_CONVERSION = YES;
				CLANG_WARN_OBJC_IMPLICIT_RETAIN_SELF = YES;
				CLANG_WARN_OBJC_LITERAL_CONVERSION = YES;
				CLANG_WARN_OBJC_ROOT_CLASS = YES_ERROR;
				CLANG_WARN_RANGE_LOOP_ANALYSIS = YES;
				CLANG_WARN_STRICT_PROTOTYPES = YES;
				CLANG_WARN_SUSPICIOUS_MOVE = YES;
				CLANG_WARN_UNGUARDED_AVAILABILITY = YES_AGGRESSIVE;
				CLANG_WARN_UNREACHABLE_CODE = YES;
				CLANG_WARN__DUPLICATE_METHOD_MATCH = YES;
				CODE_SIGN_IDENTITY = "iPhone Developer";
				COPY_PHASE_STRIP = NO;
				DEBUG_INFORMATION_FORMAT = dwarf;
				ENABLE_STRICT_OBJC_MSGSEND = YES;
				ENABLE_TESTABILITY = YES;
				GCC_C_LANGUAGE_STANDARD = gnu11;
				GCC_DYNAMIC_NO_PIC = NO;
				GCC_NO_COMMON_BLOCKS = YES;
				GCC_OPTIMIZATION_LEVEL = 0;
				GCC_PREPROCESSOR_DEFINITIONS = (
					"DEBUG=1",
					"$(inherited)",
				);
				GCC_WARN_64_TO_32_BIT_CONVERSION = YES;
				GCC_WARN_ABOUT_RETURN_TYPE = YES_ERROR;
				GCC_WARN_UNDECLARED_SELECTOR = YES;
				GCC_WARN_UNINITIALIZED_AUTOS = YES_AGGRESSIVE;
				GCC_WARN_UNUSED_FUNCTION = YES;
				GCC_WARN_UNUSED_VARIABLE = YES;
				IPHONEOS_DEPLOYMENT_TARGET = 12.0;
				MTL_ENABLE_DEBUG_INFO = INCLUDE_SOURCE;
				MTL_FAST_MATH = YES;
				ONLY_ACTIVE_ARCH = YES;
				SDKROOT = iphoneos;
				SWIFT_ACTIVE_COMPILATION_CONDITIONS = DEBUG;
				SWIFT_OPTIMIZATION_LEVEL = "-Onone";
			};
			name = Debug;
		};
		F9DA47D52165BF3600718111 /* Release */ = {
			isa = XCBuildConfiguration;
			buildSettings = {
				ALWAYS_SEARCH_USER_PATHS = NO;
				CLANG_ANALYZER_NONNULL = YES;
				CLANG_ANALYZER_NUMBER_OBJECT_CONVERSION = YES_AGGRESSIVE;
				CLANG_CXX_LANGUAGE_STANDARD = "gnu++14";
				CLANG_CXX_LIBRARY = "libc++";
				CLANG_ENABLE_MODULES = YES;
				CLANG_ENABLE_OBJC_ARC = YES;
				CLANG_ENABLE_OBJC_WEAK = YES;
				CLANG_WARN_BLOCK_CAPTURE_AUTORELEASING = YES;
				CLANG_WARN_BOOL_CONVERSION = YES;
				CLANG_WARN_COMMA = YES;
				CLANG_WARN_CONSTANT_CONVERSION = YES;
				CLANG_WARN_DEPRECATED_OBJC_IMPLEMENTATIONS = YES;
				CLANG_WARN_DIRECT_OBJC_ISA_USAGE = YES_ERROR;
				CLANG_WARN_DOCUMENTATION_COMMENTS = YES;
				CLANG_WARN_EMPTY_BODY = YES;
				CLANG_WARN_ENUM_CONVERSION = YES;
				CLANG_WARN_INFINITE_RECURSION = YES;
				CLANG_WARN_INT_CONVERSION = YES;
				CLANG_WARN_NON_LITERAL_NULL_CONVERSION = YES;
				CLANG_WARN_OBJC_IMPLICIT_RETAIN_SELF = YES;
				CLANG_WARN_OBJC_LITERAL_CONVERSION = YES;
				CLANG_WARN_OBJC_ROOT_CLASS = YES_ERROR;
				CLANG_WARN_RANGE_LOOP_ANALYSIS = YES;
				CLANG_WARN_STRICT_PROTOTYPES = YES;
				CLANG_WARN_SUSPICIOUS_MOVE = YES;
				CLANG_WARN_UNGUARDED_AVAILABILITY = YES_AGGRESSIVE;
				CLANG_WARN_UNREACHABLE_CODE = YES;
				CLANG_WARN__DUPLICATE_METHOD_MATCH = YES;
				CODE_SIGN_IDENTITY = "iPhone Developer";
				COPY_PHASE_STRIP = NO;
				DEBUG_INFORMATION_FORMAT = "dwarf-with-dsym";
				ENABLE_NS_ASSERTIONS = NO;
				ENABLE_STRICT_OBJC_MSGSEND = YES;
				GCC_C_LANGUAGE_STANDARD = gnu11;
				GCC_NO_COMMON_BLOCKS = YES;
				GCC_WARN_64_TO_32_BIT_CONVERSION = YES;
				GCC_WARN_ABOUT_RETURN_TYPE = YES_ERROR;
				GCC_WARN_UNDECLARED_SELECTOR = YES;
				GCC_WARN_UNINITIALIZED_AUTOS = YES_AGGRESSIVE;
				GCC_WARN_UNUSED_FUNCTION = YES;
				GCC_WARN_UNUSED_VARIABLE = YES;
				IPHONEOS_DEPLOYMENT_TARGET = 12.0;
				MTL_ENABLE_DEBUG_INFO = NO;
				MTL_FAST_MATH = YES;
				SDKROOT = iphoneos;
				SWIFT_COMPILATION_MODE = wholemodule;
				SWIFT_OPTIMIZATION_LEVEL = "-O";
				VALIDATE_PRODUCT = YES;
			};
			name = Release;
		};
		F9DA47D72165BF3600718111 /* Debug */ = {
			isa = XCBuildConfiguration;
			baseConfigurationReference = 9FE34F67BEE4770A0E2F97A6 /* Pods-bitters.debug.xcconfig */;
			buildSettings = {
				ASSETCATALOG_COMPILER_APPICON_NAME = AppIcon;
				CODE_SIGN_IDENTITY = "iPhone Developer";
				CODE_SIGN_STYLE = Automatic;
				DEVELOPMENT_TEAM = 7VB9R44KK9;
				INFOPLIST_FILE = bitters/Info.plist;
				IPHONEOS_DEPLOYMENT_TARGET = 11.2;
				LD_RUNPATH_SEARCH_PATHS = (
					"$(inherited)",
					"@executable_path/Frameworks",
				);
				PRODUCT_BUNDLE_IDENTIFIER = com.ubicompteam5.bitters;
				PRODUCT_NAME = "$(TARGET_NAME)";
				PROVISIONING_PROFILE_SPECIFIER = "";
				SWIFT_VERSION = 4.2;
				TARGETED_DEVICE_FAMILY = "1,2";
			};
			name = Debug;
		};
		F9DA47D82165BF3600718111 /* Release */ = {
			isa = XCBuildConfiguration;
			baseConfigurationReference = CD7F0EA0D57CCE2068CCE20E /* Pods-bitters.release.xcconfig */;
			buildSettings = {
				ASSETCATALOG_COMPILER_APPICON_NAME = AppIcon;
				CODE_SIGN_IDENTITY = "iPhone Developer";
				CODE_SIGN_STYLE = Automatic;
				DEVELOPMENT_TEAM = 7VB9R44KK9;
				INFOPLIST_FILE = bitters/Info.plist;
				IPHONEOS_DEPLOYMENT_TARGET = 11.2;
				LD_RUNPATH_SEARCH_PATHS = (
					"$(inherited)",
					"@executable_path/Frameworks",
				);
				PRODUCT_BUNDLE_IDENTIFIER = com.ubicompteam5.bitters;
				PRODUCT_NAME = "$(TARGET_NAME)";
				PROVISIONING_PROFILE_SPECIFIER = "";
				SWIFT_VERSION = 4.2;
				TARGETED_DEVICE_FAMILY = "1,2";
			};
			name = Release;
		};
/* End XCBuildConfiguration section */

/* Begin XCConfigurationList section */
		C676482B2189391900684B66 /* Build configuration list for PBXNativeTarget "bittersUITests" */ = {
			isa = XCConfigurationList;
			buildConfigurations = (
				C676482C2189391900684B66 /* Debug */,
				C676482D2189391900684B66 /* Release */,
			);
			defaultConfigurationIsVisible = 0;
			defaultConfigurationName = Release;
		};
		F19D1E94218973FF007B0C4D /* Build configuration list for PBXNativeTarget "bittersTests" */ = {
			isa = XCConfigurationList;
			buildConfigurations = (
				F19D1E92218973FF007B0C4D /* Debug */,
				F19D1E93218973FF007B0C4D /* Release */,
			);
			defaultConfigurationIsVisible = 0;
			defaultConfigurationName = Release;
		};
		F2790091218408AB0063276C /* Build configuration list for PBXNativeTarget "bittersUITest" */ = {
			isa = XCConfigurationList;
			buildConfigurations = (
				F2790092218408AB0063276C /* Debug */,
				F2790093218408AB0063276C /* Release */,
			);
			defaultConfigurationIsVisible = 0;
			defaultConfigurationName = Release;
		};
		F9DA47A72165BF3500718111 /* Build configuration list for PBXProject "bitters" */ = {
			isa = XCConfigurationList;
			buildConfigurations = (
				F9DA47D42165BF3600718111 /* Debug */,
				F9DA47D52165BF3600718111 /* Release */,
			);
			defaultConfigurationIsVisible = 0;
			defaultConfigurationName = Release;
		};
		F9DA47D62165BF3600718111 /* Build configuration list for PBXNativeTarget "bitters" */ = {
			isa = XCConfigurationList;
			buildConfigurations = (
				F9DA47D72165BF3600718111 /* Debug */,
				F9DA47D82165BF3600718111 /* Release */,
			);
			defaultConfigurationIsVisible = 0;
			defaultConfigurationName = Release;
		};
/* End XCConfigurationList section */
	};
	rootObject = F9DA47A42165BF3500718111 /* Project object */;
}
